
Microsoft Visual Studio Solution File, Format Version 12.00
# Visual Studio Version 17
VisualStudioVersion = 17.7.34221.43
MinimumVisualStudioVersion = 10.0.40219.1
Project("{FAE04EC0-301F-11D3-BF4B-00C04F79EFBC}") = "ValidationsWithDataAnnotations", "ValidationsWithDataAnnotations\ValidationsWithDataAnnotations.csproj", "{A71339E8-74C0-497F-A6CF-AC730E0C5757}"
EndProject
Global
	GlobalSection(SolutionConfigurationPlatforms) = preSolution
		Debug|Any CPU = Debug|Any CPU
		Release|Any CPU = Release|Any CPU
	EndGlobalSection
	GlobalSection(ProjectConfigurationPlatforms) = postSolution
		{A71339E8-74C0-497F-A6CF-AC730E0C5757}.Debug|Any CPU.ActiveCfg = Debug|Any CPU
		{A71339E8-74C0-497F-A6CF-AC730E0C5757}.Debug|Any CPU.Build.0 = Debug|Any CPU
		{A71339E8-74C0-497F-A6CF-AC730E0C5757}.Release|Any CPU.ActiveCfg = Release|Any CPU
		{A71339E8-74C0-497F-A6CF-AC730E0C5757}.Release|Any CPU.Build.0 = Release|Any CPU
	EndGlobalSection
	GlobalSection(SolutionProperties) = preSolution
		HideSolutionNode = FALSE
	EndGlobalSection
	GlobalSection(ExtensibilityGlobals) = postSolution
		SolutionGuid = {B815E8EB-E0FF-4463-B32D-BFAD5B2FF60A}
	EndGlobalSection
EndGlobal
